Microsoft Visual Studio Solution File, Format Version 12.00
# Visual Studio Version 17
VisualStudioVersion = 17.5.2.0
MinimumVisualStudioVersion = 10.0.40219.1
Project("{FAE04EC0-301F-11D3-BF4B-00C04F79EFBC}") = "webnhom5", "webnhom5\webnhom5.csproj", "{9C64E33F-7353-6612-3486-B05E1D324570}"
EndProject
Global
	GlobalSection(SolutionConfigurationPlatforms) = preSolution
		Debug|Any CPU = Debug|Any CPU
		Release|Any CPU = Release|Any CPU
	EndGlobalSection
	GlobalSection(ProjectConfigurationPlatforms) = postSolution
		{9C64E33F-7353-6612-3486-B05E1D324570}.Debug|Any CPU.ActiveCfg = Debug|Any CPU
		{9C64E33F-7353-6612-3486-B05E1D324570}.Debug|Any CPU.Build.0 = Debug|Any CPU
		{9C64E33F-7353-6612-3486-B05E1D324570}.Release|Any CPU.ActiveCfg = Release|Any CPU
		{9C64E33F-7353-6612-3486-B05E1D324570}.Release|Any CPU.Build.0 = Release|Any CPU
	EndGlobalSection
	GlobalSection(SolutionProperties) = preSolution
		HideSolutionNode = FALSE
	EndGlobalSection
	GlobalSection(ExtensibilityGlobals) = postSolution
		SolutionGuid = {B64985D7-F640-4FB3-A78A-4594B583B132}
	EndGlobalSection
EndGlobal
